// !$*UTF8*$!
{
	archiveVersion = 1;
	classes = {
	};
	objectVersion = 50;
	objects = {

/* Begin PBXBuildFile section */
		583FB57C25B113CB00F1334E /* AppDelegate.swift in Sources */ = {isa = PBXBuildFile; fileRef = 583FB57B25B113CB00F1334E /* AppDelegate.swift */; };
		583FB57E25B113CB00F1334E /* ViewController.swift in Sources */ = {isa = PBXBuildFile; fileRef = 583FB57D25B113CB00F1334E /* ViewController.swift */; };
		583FB58125B113CB00F1334E /* Main.storyboard in Resources */ = {isa = PBXBuildFile; fileRef = 583FB57F25B113CB00F1334E /* Main.storyboard */; };
		583FB58325B113CD00F1334E /* Assets.xcassets in Resources */ = {isa = PBXBuildFile; fileRef = 583FB58225B113CD00F1334E /* Assets.xcassets */; };
		583FB58625B113CD00F1334E /* LaunchScreen.storyboard in Resources */ = {isa = PBXBuildFile; fileRef = 583FB58425B113CD00F1334E /* LaunchScreen.storyboard */; };
		583FB59125B113CD00F1334E /* TestTests.swift in Sources */ = {isa = PBXBuildFile; fileRef = 583FB59025B113CD00F1334E /* TestTests.swift */; };
		583FB59C25B113CD00F1334E /* TestUITests.swift in Sources */ = {isa = PBXBuildFile; fileRef = 583FB59B25B113CD00F1334E /* TestUITests.swift */; };
/* End PBXBuildFile section */

/* Begin PBXContainerItemProxy section */
		583FB58D25B113CD00F1334E /* PBXContainerItemProxy */ = {
			isa = PBXContainerItemProxy;
			containerPortal = 583FB57025B113CB00F1334E /* Project object */;
			proxyType = 1;
			remoteGlobalIDString = 583FB57725B113CB00F1334E;
			remoteInfo = Test;
		};
		583FB59825B113CD00F1334E /* PBXContainerItemProxy */ = {
			isa = PBXContainerItemProxy;
			containerPortal = 583FB57025B113CB00F1334E /* Project object */;
			proxyType = 1;
			remoteGlobalIDString = 583FB57725B113CB00F1334E;
			remoteInfo = Test;
		};
/* End PBXContainerItemProxy section */

/* Begin PBXFileReference section */
		583FB57825B113CB00F1334E /* Test.app */ = {isa = PBXFileReference; explicitFileType = wrapper.application; includeInIndex = 0; path = Test.app; sourceTree = BUILT_PRODUCTS_DIR; };
		583FB57B25B113CB00F1334E /* AppDelegate.swift */ = {isa = PBXFileReference; lastKnownFileType = sourcecode.swift; path = AppDelegate.swift; sourceTree = "<group>"; };
		583FB57D25B113CB00F1334E /* ViewController.swift */ = {isa = PBXFileReference; lastKnownFileType = sourcecode.swift; path = ViewController.swift; sourceTree = "<group>"; };
		583FB58025B113CB00F1334E /* Base */ = {isa = PBXFileReference; lastKnownFileType = file.storyboard; name = Base; path = Base.lproj/Main.storyboard; sourceTree = "<group>"; };
		583FB58225B113CD00F1334E /* Assets.xcassets */ = {isa = PBXFileReference; lastKnownFileType = folder.assetcatalog; path = Assets.xcassets; sourceTree = "<group>"; };
		583FB58525B113CD00F1334E /* Base */ = {isa = PBXFileReference; lastKnownFileType = file.storyboard; name = Base; path = Base.lproj/LaunchScreen.storyboard; sourceTree = "<group>"; };
		583FB58725B113CD00F1334E /* Info.plist */ = {isa = PBXFileReference; lastKnownFileType = text.plist.xml; path = Info.plist; sourceTree = "<group>"; };
		583FB58C25B113CD00F1334E /* TestTests.xctest */ = {isa = PBXFileReference; explicitFileType = wrapper.cfbundle; includeInIndex = 0; path = TestTests.xctest; sourceTree = BUILT_PRODUCTS_DIR; };
		583FB59025B113CD00F1334E /* TestTests.swift */ = {isa = PBXFileReference; lastKnownFileType = sourcecode.swift; path = TestTests.swift; sourceTree = "<group>"; };
		583FB59225B113CD00F1334E /* Info.plist */ = {isa = PBXFileReference; lastKnownFileType = text.plist.xml; path = Info.plist; sourceTree = "<group>"; };
		583FB59725B113CD00F1334E /* TestUITests.xctest */ = {isa = PBXFileReference; explicitFileType = wrapper.cfbundle; includeInIndex = 0; path = TestUITests.xctest; sourceTree = BUILT_PRODUCTS_DIR; };
		583FB59B25B113CD00F1334E /* TestUITests.swift */ = {isa = PBXFileReference; lastKnownFileType = sourcecode.swift; path = TestUITests.swift; sourceTree = "<group>"; };
		583FB59D25B113CD00F1334E /* Info.plist */ = {isa = PBXFileReference; lastKnownFileType = text.plist.xml; path = Info.plist; sourceTree = "<group>"; };
/* End PBXFileReference section */

/* Begin PBXFrameworksBuildPhase section */
		583FB57525B113CB00F1334E /* Frameworks */ = {
			isa = PBXFrameworksBuildPhase;
			buildActionMask = 2147483647;
			files = (
			);
			runOnlyForDeploymentPostprocessing = 0;
		};
		583FB58925B113CD00F1334E /* Frameworks */ = {
			isa = PBXFrameworksBuildPhase;
			buildActionMask = 2147483647;
			files = (
			);
			runOnlyForDeploymentPostprocessing = 0;
		};
		583FB59425B113CD00F1334E /* Frameworks */ = {
			isa = PBXFrameworksBuildPhase;
			buildActionMask = 2147483647;
			files = (
			);
			runOnlyForDeploymentPostprocessing = 0;
		};
/* End PBXFrameworksBuildPhase section */

/* Begin PBXGroup section */
		583FB56F25B113CB00F1334E = {
			isa = PBXGroup;
			children = (
				583FB57A25B113CB00F1334E /* Test */,
				583FB58F25B113CD00F1334E /* TestTests */,
				583FB59A25B113CD00F1334E /* TestUITests */,
				583FB57925B113CB00F1334E /* Products */,
			);
			sourceTree = "<group>";
		};
		583FB57925B113CB00F1334E /* Products */ = {
			isa = PBXGroup;
			children = (
				583FB57825B113CB00F1334E /* Test.app */,
				583FB58C25B113CD00F1334E /* TestTests.xctest */,
				583FB59725B113CD00F1334E /* TestUITests.xctest */,
			);
			name = Products;
			sourceTree = "<group>";
		};
		583FB57A25B113CB00F1334E /* Test */ = {
			isa = PBXGroup;
			children = (
				583FB57B25B113CB00F1334E /* AppDelegate.swift */,
				583FB57D25B113CB00F1334E /* ViewController.swift */,
				583FB57F25B113CB00F1334E /* Main.storyboard */,
				583FB58225B113CD00F1334E /* Assets.xcassets */,
				583FB58425B113CD00F1334E /* LaunchScreen.storyboard */,
				583FB58725B113CD00F1334E /* Info.plist */,
			);
			path = Test;
			sourceTree = "<group>";
		};
		583FB58F25B113CD00F1334E /* TestTests */ = {
			isa = PBXGroup;
			children = (
				583FB59025B113CD00F1334E /* TestTests.swift */,
				583FB59225B113CD00F1334E /* Info.plist */,
			);
			path = TestTests;
			sourceTree = "<group>";
		};
		583FB59A25B113CD00F1334E /* TestUITests */ = {
			isa = PBXGroup;
			children = (
				583FB59B25B113CD00F1334E /* TestUITests.swift */,
				583FB59D25B113CD00F1334E /* Info.plist */,
			);
			path = TestUITests;
			sourceTree = "<group>";
		};
/* End PBXGroup section */

/* Begin PBXNativeTarget section */
		583FB57725B113CB00F1334E /* Test */ = {
			isa = PBXNativeTarget;
			buildConfigurationList = 583FB5A025B113CD00F1334E /* Build configuration list for PBXNativeTarget "Test" */;
			buildPhases = (
				583FB57425B113CB00F1334E /* Sources */,
				583FB57525B113CB00F1334E /* Frameworks */,
				583FB57625B113CB00F1334E /* Resources */,
			);
			buildRules = (
			);
			dependencies = (
			);
			name = Test;
			productName = Test;
			productReference = 583FB57825B113CB00F1334E /* Test.app */;
			productType = "com.apple.product-type.application";
		};
		583FB58B25B113CD00F1334E /* TestTests */ = {
			isa = PBXNativeTarget;
			buildConfigurationList = 583FB5A325B113CD00F1334E /* Build configuration list for PBXNativeTarget "TestTests" */;
			buildPhases = (
				583FB58825B113CD00F1334E /* Sources */,
				583FB58925B113CD00F1334E /* Frameworks */,
				583FB58A25B113CD00F1334E /* Resources */,
			);
			buildRules = (
			);
			dependencies = (
				583FB58E25B113CD00F1334E /* PBXTargetDependency */,
			);
			name = TestTests;
			productName = TestTests;
			productReference = 583FB58C25B113CD00F1334E /* TestTests.xctest */;
			productType = "com.apple.product-type.bundle.unit-test";
		};
		583FB59625B113CD00F1334E /* TestUITests */ = {
			isa = PBXNativeTarget;
			buildConfigurationList = 583FB5A625B113CD00F1334E /* Build configuration list for PBXNativeTarget "TestUITests" */;
			buildPhases = (
				583FB59325B113CD00F1334E /* Sources */,
				583FB59425B113CD00F1334E /* Frameworks */,
				583FB59525B113CD00F1334E /* Resources */,
			);
			buildRules = (
			);
			dependencies = (
				583FB59925B113CD00F1334E /* PBXTargetDependency */,
			);
			name = TestUITests;
			productName = TestUITests;
			productReference = 583FB59725B113CD00F1334E /* TestUITests.xctest */;
			productType = "com.apple.product-type.bundle.ui-testing";
		};
/* End PBXNativeTarget section */

/* Begin PBXProject section */
		583FB57025B113CB00F1334E /* Project object */ = {
			isa = PBXProject;
			attributes = {
				LastSwiftUpdateCheck = 1030;
				LastUpgradeCheck = 1030;
				ORGANIZATIONNAME = "Sam Gustafsson";
				TargetAttributes = {
					583FB57725B113CB00F1334E = {
						CreatedOnToolsVersion = 10.3;
					};
					583FB58B25B113CD00F1334E = {
						CreatedOnToolsVersion = 10.3;
						TestTargetID = 583FB57725B113CB00F1334E;
					};
					583FB59625B113CD00F1334E = {
						CreatedOnToolsVersion = 10.3;
						TestTargetID = 583FB57725B113CB00F1334E;
					};
				};
			};
			buildConfigurationList = 583FB57325B113CB00F1334E /* Build configuration list for PBXProject "Test" */;
			compatibilityVersion = "Xcode 9.3";
			developmentRegion = en;
			hasScannedForEncodings = 0;
			knownRegions = (
				en,
				Base,
			);
			mainGroup = 583FB56F25B113CB00F1334E;
			productRefGroup = 583FB57925B113CB00F1334E /* Products */;
			projectDirPath = "";
			projectRoot = "";
			targets = (
				583FB57725B113CB00F1334E /* Test */,
				583FB58B25B113CD00F1334E /* TestTests */,
				583FB59625B113CD00F1334E /* TestUITests */,
			);
		};
/* End PBXProject section */

/* Begin PBXResourcesBuildPhase section */
		583FB57625B113CB00F1334E /* Resources */ = {
			isa = PBXResourcesBuildPhase;
			buildActionMask = 2147483647;
			files = (
				583FB58625B113CD00F1334E /* LaunchScreen.storyboard in Resources */,
				583FB58325B113CD00F1334E /* Assets.xcassets in Resources */,
				583FB58125B113CB00F1334E /* Main.storyboard in Resources */,
			);
			runOnlyForDeploymentPostprocessing = 0;
		};
		583FB58A25B113CD00F1334E /* Resources */ = {
			isa = PBXResourcesBuildPhase;
			buildActionMask = 2147483647;
			files = (
			);
			runOnlyForDeploymentPostprocessing = 0;
		};
		583FB59525B113CD00F1334E /* Resources */ = {
			isa = PBXResourcesBuildPhase;
			buildActionMask = 2147483647;
			files = (
			);
			runOnlyForDeploymentPostprocessing = 0;
		};
/* End PBXResourcesBuildPhase section */

/* Begin PBXSourcesBuildPhase section */
		583FB57425B113CB00F1334E /* Sources */ = {
			isa = PBXSourcesBuildPhase;
			buildActionMask = 2147483647;
			files = (
				583FB57E25B113CB00F1334E /* ViewController.swift in Sources */,
				583FB57C25B113CB00F1334E /* AppDelegate.swift in Sources */,
			);
			runOnlyForDeploymentPostprocessing = 0;
		};
		583FB58825B113CD00F1334E /* Sources */ = {
			isa = PBXSourcesBuildPhase;
			buildActionMask = 2147483647;
			files = (
				583FB59125B113CD00F1334E /* TestTests.swift in Sources */,
			);
			runOnlyForDeploymentPostprocessing = 0;
		};
		583FB59325B113CD00F1334E /* Sources */ = {
			isa = PBXSourcesBuildPhase;
			buildActionMask = 2147483647;
			files = (
				583FB59C25B113CD00F1334E /* TestUITests.swift in Sources */,
			);
			runOnlyForDeploymentPostprocessing = 0;
		};
/* End PBXSourcesBuildPhase section */

/* Begin PBXTargetDependency section */
		583FB58E25B113CD00F1334E /* PBXTargetDependency */ = {
			isa = PBXTargetDependency;
			target = 583FB57725B113CB00F1334E /* Test */;
			targetProxy = 583FB58D25B113CD00F1334E /* PBXContainerItemProxy */;
		};
		583FB59925B113CD00F1334E /* PBXTargetDependency */ = {
			isa = PBXTargetDependency;
			target = 583FB57725B113CB00F1334E /* Test */;
			targetProxy = 583FB59825B113CD00F1334E /* PBXContainerItemProxy */;
		};
/* End PBXTargetDependency section */

/* Begin PBXVariantGroup section */
		583FB57F25B113CB00F1334E /* Main.storyboard */ = {
			isa = PBXVariantGroup;
			children = (
				583FB58025B113CB00F1334E /* Base */,
			);
			name = Main.storyboard;
			sourceTree = "<group>";
		};
		583FB58425B113CD00F1334E /* LaunchScreen.storyboard */ = {
			isa = PBXVariantGroup;
			children = (
				583FB58525B113CD00F1334E /* Base */,
			);
			name = LaunchScreen.storyboard;
			sourceTree = "<group>";
		};
/* End PBXVariantGroup section */

/* Begin XCBuildConfiguration section */
		583FB59E25B113CD00F1334E /* Debug */ = {
			isa = XCBuildConfiguration;
			buildSettings = {
				ALWAYS_SEARCH_USER_PATHS = NO;
				CLANG_ANALYZER_NONNULL = YES;
				CLANG_ANALYZER_NUMBER_OBJECT_CONVERSION = YES_AGGRESSIVE;
				CLANG_CXX_LANGUAGE_STANDARD = "gnu++14";
				CLANG_CXX_LIBRARY = "libc++";
				CLANG_ENABLE_MODULES = YES;
				CLANG_ENABLE_OBJC_ARC = YES;
				CLANG_ENABLE_OBJC_WEAK = YES;
				CLANG_WARN_BLOCK_CAPTURE_AUTORELEASING = YES;
				CLANG_WARN_BOOL_CONVERSION = YES;
				CLANG_WARN_COMMA = YES;
				CLANG_WARN_CONSTANT_CONVERSION = YES;
				CLANG_WARN_DEPRECATED_OBJC_IMPLEMENTATIONS = YES;
				CLANG_WARN_DIRECT_OBJC_ISA_USAGE = YES_ERROR;
				CLANG_WARN_DOCUMENTATION_COMMENTS = YES;
				CLANG_WARN_EMPTY_BODY = YES;
				CLANG_WARN_ENUM_CONVERSION = YES;
				CLANG_WARN_INFINITE_RECURSION = YES;
				CLANG_WARN_INT_CONVERSION = YES;
				CLANG_WARN_NON_LITERAL_NULL_CONVERSION = YES;
				CLANG_WARN_OBJC_IMPLICIT_RETAIN_SELF = YES;
				CLANG_WARN_OBJC_LITERAL_CONVERSION = YES;
				CLANG_WARN_OBJC_ROOT_CLASS = YES_ERROR;
				CLANG_WARN_RANGE_LOOP_ANALYSIS = YES;
				CLANG_WARN_STRICT_PROTOTYPES = YES;
				CLANG_WARN_SUSPICIOUS_MOVE = YES;
				CLANG_WARN_UNGUARDED_AVAILABILITY = YES_AGGRESSIVE;
				CLANG_WARN_UNREACHABLE_CODE = YES;
				CLANG_WARN__DUPLICATE_METHOD_MATCH = YES;
				CODE_SIGN_IDENTITY = "iPhone Developer";
				COPY_PHASE_STRIP = NO;
				DEBUG_INFORMATION_FORMAT = dwarf;
				ENABLE_STRICT_OBJC_MSGSEND = YES;
				ENABLE_TESTABILITY = YES;
				GCC_C_LANGUAGE_STANDARD = gnu11;
				GCC_DYNAMIC_NO_PIC = NO;
				GCC_NO_COMMON_BLOCKS = YES;
				GCC_OPTIMIZATION_LEVEL = 0;
				GCC_PREPROCESSOR_DEFINITIONS = (
					"DEBUG=1",
					"$(inherited)",
				);
				GCC_WARN_64_TO_32_BIT_CONVERSION = YES;
				GCC_WARN_ABOUT_RETURN_TYPE = YES_ERROR;
				GCC_WARN_UNDECLARED_SELECTOR = YES;
				GCC_WARN_UNINITIALIZED_AUTOS = YES_AGGRESSIVE;
				GCC_WARN_UNUSED_FUNCTION = YES;
				GCC_WARN_UNUSED_VARIABLE = YES;
				IPHONEOS_DEPLOYMENT_TARGET = 12.4;
				MTL_ENABLE_DEBUG_INFO = INCLUDE_SOURCE;
				MTL_FAST_MATH = YES;
				ONLY_ACTIVE_ARCH = YES;
				SDKROOT = iphoneos;
				SWIFT_ACTIVE_COMPILATION_CONDITIONS = DEBUG;
				SWIFT_OPTIMIZATION_LEVEL = "-Onone";
			};
			name = Debug;
		};
		583FB59F25B113CD00F1334E /* Release */ = {
			isa = XCBuildConfiguration;
			buildSettings = {
				ALWAYS_SEARCH_USER_PATHS = NO;
				CLANG_ANALYZER_NONNULL = YES;
				CLANG_ANALYZER_NUMBER_OBJECT_CONVERSION = YES_AGGRESSIVE;
				CLANG_CXX_LANGUAGE_STANDARD = "gnu++14";
				CLANG_CXX_LIBRARY = "libc++";
				CLANG_ENABLE_MODULES = YES;
				CLANG_ENABLE_OBJC_ARC = YES;
				CLANG_ENABLE_OBJC_WEAK = YES;
				CLANG_WARN_BLOCK_CAPTURE_AUTORELEASING = YES;
				CLANG_WARN_BOOL_CONVERSION = YES;
				CLANG_WARN_COMMA = YES;
				CLANG_WARN_CONSTANT_CONVERSION = YES;
				CLANG_WARN_DEPRECATED_OBJC_IMPLEMENTATIONS = YES;
				CLANG_WARN_DIRECT_OBJC_ISA_USAGE = YES_ERROR;
				CLANG_WARN_DOCUMENTATION_COMMENTS = YES;
				CLANG_WARN_EMPTY_BODY = YES;
				CLANG_WARN_ENUM_CONVERSION = YES;
				CLANG_WARN_INFINITE_RECURSION = YES;
				CLANG_WARN_INT_CONVERSION = YES;
				CLANG_WARN_NON_LITERAL_NULL_CONVERSION = YES;
				CLANG_WARN_OBJC_IMPLICIT_RETAIN_SELF = YES;
				CLANG_WARN_OBJC_LITERAL_CONVERSION = YES;
				CLANG_WARN_OBJC_ROOT_CLASS = YES_ERROR;
				CLANG_WARN_RANGE_LOOP_ANALYSIS = YES;
				CLANG_WARN_STRICT_PROTOTYPES = YES;
				CLANG_WARN_SUSPICIOUS_MOVE = YES;
				CLANG_WARN_UNGUARDED_AVAILABILITY = YES_AGGRESSIVE;
				CLANG_WARN_UNREACHABLE_CODE = YES;
				CLANG_WARN__DUPLICATE_METHOD_MATCH = YES;
				CODE_SIGN_IDENTITY = "iPhone Developer";
				COPY_PHASE_STRIP = NO;
				DEBUG_INFORMATION_FORMAT = "dwarf-with-dsym";
				ENABLE_NS_ASSERTIONS = NO;
				ENABLE_STRICT_OBJC_MSGSEND = YES;
				GCC_C_LANGUAGE_STANDARD = gnu11;
				GCC_NO_COMMON_BLOCKS = YES;
				GCC_WARN_64_TO_32_BIT_CONVERSION = YES;
				GCC_WARN_ABOUT_RETURN_TYPE = YES_ERROR;
				GCC_WARN_UNDECLARED_SELECTOR = YES;
				GCC_WARN_UNINITIALIZED_AUTOS = YES_AGGRESSIVE;
				GCC_WARN_UNUSED_FUNCTION = YES;
				GCC_WARN_UNUSED_VARIABLE = YES;
				IPHONEOS_DEPLOYMENT_TARGET = 12.4;
				MTL_ENABLE_DEBUG_INFO = NO;
				MTL_FAST_MATH = YES;
				SDKROOT = iphoneos;
				SWIFT_COMPILATION_MODE = wholemodule;
				SWIFT_OPTIMIZATION_LEVEL = "-O";
				VALIDATE_PRODUCT = YES;
			};
			name = Release;
		};
		583FB5A125B113CD00F1334E /* Debug */ = {
			isa = XCBuildConfiguration;
			buildSettings = {
				ASSETCATALOG_COMPILER_APPICON_NAME = AppIcon;
				CODE_SIGN_STYLE = Automatic;
				DEVELOPMENT_TEAM = Y46C2AF5JS;
				INFOPLIST_FILE = Test/Info.plist;
				LD_RUNPATH_SEARCH_PATHS = (
					"$(inherited)",
					"@executable_path/Frameworks",
				);
				PRODUCT_BUNDLE_IDENTIFIER = com.samgus.Test;
				PRODUCT_NAME = "$(TARGET_NAME)";
				SWIFT_VERSION = 5.0;
				TARGETED_DEVICE_FAMILY = "1,2";
			};
			name = Debug;
		};
		583FB5A225B113CD00F1334E /* Release */ = {
			isa = XCBuildConfiguration;
			buildSettings = {
				ASSETCATALOG_COMPILER_APPICON_NAME = AppIcon;
				CODE_SIGN_STYLE = Automatic;
				DEVELOPMENT_TEAM = Y46C2AF5JS;
				INFOPLIST_FILE = Test/Info.plist;
				LD_RUNPATH_SEARCH_PATHS = (
					"$(inherited)",
					"@executable_path/Frameworks",
				);
				PRODUCT_BUNDLE_IDENTIFIER = com.samgus.Test;
				PRODUCT_NAME = "$(TARGET_NAME)";
				SWIFT_VERSION = 5.0;
				TARGETED_DEVICE_FAMILY = "1,2";
			};
			name = Release;
		};
		583FB5A425B113CD00F1334E /* Debug */ = {
			isa = XCBuildConfiguration;
			buildSettings = {
				ALWAYS_EMBED_SWIFT_STANDARD_LIBRARIES = YES;
				BUNDLE_LOADER = "$(TEST_HOST)";
				CODE_SIGN_STYLE = Automatic;
				DEVELOPMENT_TEAM = Y46C2AF5JS;
				INFOPLIST_FILE = TestTests/Info.plist;
				LD_RUNPATH_SEARCH_PATHS = (
					"$(inherited)",
					"@executable_path/Frameworks",
					"@loader_path/Frameworks",
				);
				PRODUCT_BUNDLE_IDENTIFIER = com.samgus.TestTests;
				PRODUCT_NAME = "$(TARGET_NAME)";
				SWIFT_VERSION = 5.0;
				TARGETED_DEVICE_FAMILY = "1,2";
				TEST_HOST = "$(BUILT_PRODUCTS_DIR)/Test.app/Test";
			};
			name = Debug;
		};
		583FB5A525B113CD00F1334E /* Release */ = {
			isa = XCBuildConfiguration;
			buildSettings = {
				ALWAYS_EMBED_SWIFT_STANDARD_LIBRARIES = YES;
				BUNDLE_LOADER = "$(TEST_HOST)";
				CODE_SIGN_STYLE = Automatic;
				DEVELOPMENT_TEAM = Y46C2AF5JS;
				INFOPLIST_FILE = TestTests/Info.plist;
				LD_RUNPATH_SEARCH_PATHS = (
					"$(inherited)",
					"@executable_path/Frameworks",
					"@loader_path/Frameworks",
				);
				PRODUCT_BUNDLE_IDENTIFIER = com.samgus.TestTests;
				PRODUCT_NAME = "$(TARGET_NAME)";
				SWIFT_VERSION = 5.0;
				TARGETED_DEVICE_FAMILY = "1,2";
				TEST_HOST = "$(BUILT_PRODUCTS_DIR)/Test.app/Test";
			};
			name = Release;
		};
		583FB5A725B113CD00F1334E /* Debug */ = {
			isa = XCBuildConfiguration;
			buildSettings = {
				ALWAYS_EMBED_SWIFT_STANDARD_LIBRARIES = YES;
				CODE_SIGN_STYLE = Automatic;
				DEVELOPMENT_TEAM = Y46C2AF5JS;
				INFOPLIST_FILE = TestUITests/Info.plist;
				LD_RUNPATH_SEARCH_PATHS = (
					"$(inherited)",
					"@executable_path/Frameworks",
					"@loader_path/Frameworks",
				);
				PRODUCT_BUNDLE_IDENTIFIER = com.samgus.TestUITests;
				PRODUCT_NAME = "$(TARGET_NAME)";
				SWIFT_VERSION = 5.0;
				TARGETED_DEVICE_FAMILY = "1,2";
				TEST_TARGET_NAME = Test;
			};
			name = Debug;
		};
		583FB5A825B113CD00F1334E /* Release */ = {
			isa = XCBuildConfiguration;
			buildSettings = {
				ALWAYS_EMBED_SWIFT_STANDARD_LIBRARIES = YES;
				CODE_SIGN_STYLE = Automatic;
				DEVELOPMENT_TEAM = Y46C2AF5JS;
				INFOPLIST_FILE = TestUITests/Info.plist;
				LD_RUNPATH_SEARCH_PATHS = (
					"$(inherited)",
					"@executable_path/Frameworks",
					"@loader_path/Frameworks",
				);
				PRODUCT_BUNDLE_IDENTIFIER = com.samgus.TestUITests;
				PRODUCT_NAME = "$(TARGET_NAME)";
				SWIFT_VERSION = 5.0;
				TARGETED_DEVICE_FAMILY = "1,2";
				TEST_TARGET_NAME = Test;
			};
			name = Release;
		};
/* End XCBuildConfiguration section */

/* Begin XCConfigurationList section */
		583FB57325B113CB00F1334E /* Build configuration list for PBXProject "Test" */ = {
			isa = XCConfigurationList;
			buildConfigurations = (
				583FB59E25B113CD00F1334E /* Debug */,
				583FB59F25B113CD00F1334E /* Release */,
			);
			defaultConfigurationIsVisible = 0;
			defaultConfigurationName = Release;
		};
		583FB5A025B113CD00F1334E /* Build configuration list for PBXNativeTarget "Test" */ = {
			isa = XCConfigurationList;
			buildConfigurations = (
				583FB5A125B113CD00F1334E /* Debug */,
				583FB5A225B113CD00F1334E /* Release */,
			);
			defaultConfigurationIsVisible = 0;
			defaultConfigurationName = Release;
		};
		583FB5A325B113CD00F1334E /* Build configuration list for PBXNativeTarget "TestTests" */ = {
			isa = XCConfigurationList;
			buildConfigurations = (
				583FB5A425B113CD00F1334E /* Debug */,
				583FB5A525B113CD00F1334E /* Release */,
			);
			defaultConfigurationIsVisible = 0;
			defaultConfigurationName = Release;
		};
		583FB5A625B113CD00F1334E /* Build configuration list for PBXNativeTarget "TestUITests" */ = {
			isa = XCConfigurationList;
			buildConfigurations = (
				583FB5A725B113CD00F1334E /* Debug */,
				583FB5A825B113CD00F1334E /* Release */,
			);
			defaultConfigurationIsVisible = 0;
			defaultConfigurationName = Release;
		};
/* End XCConfigurationList section */
	};
	rootObject = 583FB57025B113CB00F1334E /* Project object */;
}
